PODS:
  - Flutter (1.0.0)
  - integration_test (0.0.1):
    - Flutter
  - stripe_identity_plugin (0.0.1):
    - Flutter
    - StripeIdentity
  - StripeCameraCore (23.28.1):
    - StripeCore (= 23.28.1)
  - StripeCore (23.28.1)
  - StripeIdentity (23.28.1):
    - StripeCameraCore (= 23.28.1)
    - StripeCore (= 23.28.1)
    - StripeUICore (= 23.28.1)
  - StripeUICore (23.28.1):
    - StripeCore (= 23.28.1)

DEPENDENCIES:
  - Flutter (from `Flutter`)
  - integration_test (from `.symlinks/plugins/integration_test/ios`)
  - stripe_identity_plugin (from `.symlinks/plugins/stripe_identity_plugin/ios`)

SPEC REPOS:
  trunk:
    - StripeCameraCore
    - StripeCore
    - StripeIdentity
    - StripeUICore

EXTERNAL SOURCES:
  Flutter:
    :path: Flutter
  integration_test:
    :path: ".symlinks/plugins/integration_test/ios"
  stripe_identity_plugin:
    :path: ".symlinks/plugins/stripe_identity_plugin/ios"

SPEC CHECKSUMS:
  Flutter: e0871f40cf51350855a761d2e70bf5af5b9b5de7
  integration_test: 252f60fa39af5e17c3aa9899d35d908a0721b573
  stripe_identity_plugin: 517c2560636c841b06322eaf74a80501b2b119b0
  StripeCameraCore: 3b956e8e7216ddb811fb1c919978e82ad8a77006
  StripeCore: 880a68482cf78d4745c5213c2fd3446efc73574b
  StripeIdentity: 7abc952a34c85b5e445c65a9c6ce6819a5e1019e
  StripeUICore: 22b314dc9f7ea8814d0f9eeba0ddb5e4b77f34f3

PODFILE CHECKSUM: a57f30d18f102dd3ce366b1d62a55ecbef2158e5

COCOAPODS: 1.15.2
